
Microsoft Visual Studio Solution File, Format Version 12.00
# Visual Studio Version 17
VisualStudioVersion = 17.0.31903.59
MinimumVisualStudioVersion = 10.0.40219.1
Project("{2150E333-8FDC-42A3-9474-1A3956D46DE8}") = "src", "src", "{827E0CD3-B72D-47B6-A68D-7590B98EB39B}"
EndProject
Project("{FAE04EC0-301F-11D3-BF4B-00C04F79EFBC}") = "InventoryOS.Domain", "src\InventoryOS.Domain\InventoryOS.Domain.csproj", "{98FB6B3A-8D57-4CEB-9B74-4E4E959DEF96}"
EndProject
Project("{FAE04EC0-301F-11D3-BF4B-00C04F79EFBC}") = "InventoryOS.Application", "src\InventoryOS.Application\InventoryOS.Application.csproj", "{A7AA4637-55F7-439B-9EE6-88AC961B3D4A}"
EndProject
Project("{FAE04EC0-301F-11D3-BF4B-00C04F79EFBC}") = "InventoryOS.Infrastructure", "src\InventoryOS.Infrastructure\InventoryOS.Infrastructure.csproj", "{1CC9FFE4-054A-4C62-B2CD-0239E283A5DB}"
EndProject
Project("{FAE04EC0-301F-11D3-BF4B-00C04F79EFBC}") = "InventoryOS.Api", "src\InventoryOS.Api\InventoryOS.Api.csproj", "{AE2B79E1-C654-4A9C-A2BB-0662015EEFFA}"
EndProject
Project("{2150E333-8FDC-42A3-9474-1A3956D46DE8}") = "tests", "tests", "{0AB3BF05-4346-4AA6-1389-037BE0695223}"
EndProject
Project("{FAE04EC0-301F-11D3-BF4B-00C04F79EFBC}") = "InventoryOS.UnitTests", "tests\InventoryOS.UnitTests\InventoryOS.UnitTests.csproj", "{228FC929-3C3A-4817-A615-15CC06E3F524}"
EndProject
Project("{FAE04EC0-301F-11D3-BF4B-00C04F79EFBC}") = "InventoryOS.IntegrationTests", "tests\InventoryOS.IntegrationTests\InventoryOS.IntegrationTests.csproj", "{EE042AEF-236D-400D-B128-8E7A65935D0D}"
EndProject
Global
	GlobalSection(SolutionConfigurationPlatforms) = preSolution
		Debug|Any CPU = Debug|Any CPU
		Debug|x64 = Debug|x64
		Debug|x86 = Debug|x86
		Release|Any CPU = Release|Any CPU
		Release|x64 = Release|x64
		Release|x86 = Release|x86
	EndGlobalSection
	GlobalSection(ProjectConfigurationPlatforms) = postSolution
		{98FB6B3A-8D57-4CEB-9B74-4E4E959DEF96}.Debug|Any CPU.ActiveCfg = Debug|Any CPU
		{98FB6B3A-8D57-4CEB-9B74-4E4E959DEF96}.Debug|Any CPU.Build.0 = Debug|Any CPU
		{98FB6B3A-8D57-4CEB-9B74-4E4E959DEF96}.Debug|x64.ActiveCfg = Debug|Any CPU
		{98FB6B3A-8D57-4CEB-9B74-4E4E959DEF96}.Debug|x64.Build.0 = Debug|Any CPU
		{98FB6B3A-8D57-4CEB-9B74-4E4E959DEF96}.Debug|x86.ActiveCfg = Debug|Any CPU
		{98FB6B3A-8D57-4CEB-9B74-4E4E959DEF96}.Debug|x86.Build.0 = Debug|Any CPU
		{98FB6B3A-8D57-4CEB-9B74-4E4E959DEF96}.Release|Any CPU.ActiveCfg = Release|Any CPU
		{98FB6B3A-8D57-4CEB-9B74-4E4E959DEF96}.Release|Any CPU.Build.0 = Release|Any CPU
		{98FB6B3A-8D57-4CEB-9B74-4E4E959DEF96}.Release|x64.ActiveCfg = Release|Any CPU
		{98FB6B3A-8D57-4CEB-9B74-4E4E959DEF96}.Release|x64.Build.0 = Release|Any CPU
		{98FB6B3A-8D57-4CEB-9B74-4E4E959DEF96}.Release|x86.ActiveCfg = Release|Any CPU
		{98FB6B3A-8D57-4CEB-9B74-4E4E959DEF96}.Release|x86.Build.0 = Release|Any CPU
		{A7AA4637-55F7-439B-9EE6-88AC961B3D4A}.Debug|Any CPU.ActiveCfg = Debug|Any CPU
		{A7AA4637-55F7-439B-9EE6-88AC961B3D4A}.Debug|Any CPU.Build.0 = Debug|Any CPU
		{A7AA4637-55F7-439B-9EE6-88AC961B3D4A}.Debug|x64.ActiveCfg = Debug|Any CPU
		{A7AA4637-55F7-439B-9EE6-88AC961B3D4A}.Debug|x64.Build.0 = Debug|Any CPU
		{A7AA4637-55F7-439B-9EE6-88AC961B3D4A}.Debug|x86.ActiveCfg = Debug|Any CPU
		{A7AA4637-55F7-439B-9EE6-88AC961B3D4A}.Debug|x86.Build.0 = Debug|Any CPU
		{A7AA4637-55F7-439B-9EE6-88AC961B3D4A}.Release|Any CPU.ActiveCfg = Release|Any CPU
		{A7AA4637-55F7-439B-9EE6-88AC961B3D4A}.Release|Any CPU.Build.0 = Release|Any CPU
		{A7AA4637-55F7-439B-9EE6-88AC961B3D4A}.Release|x64.ActiveCfg = Release|Any CPU
		{A7AA4637-55F7-439B-9EE6-88AC961B3D4A}.Release|x64.Build.0 = Release|Any CPU
		{A7AA4637-55F7-439B-9EE6-88AC961B3D4A}.Release|x86.ActiveCfg = Release|Any CPU
		{A7AA4637-55F7-439B-9EE6-88AC961B3D4A}.Release|x86.Build.0 = Release|Any CPU
		{1CC9FFE4-054A-4C62-B2CD-0239E283A5DB}.Debug|Any CPU.ActiveCfg = Debug|Any CPU
		{1CC9FFE4-054A-4C62-B2CD-0239E283A5DB}.Debug|Any CPU.Build.0 = Debug|Any CPU
		{1CC9FFE4-054A-4C62-B2CD-0239E283A5DB}.Debug|x64.ActiveCfg = Debug|Any CPU
		{1CC9FFE4-054A-4C62-B2CD-0239E283A5DB}.Debug|x64.Build.0 = Debug|Any CPU
		{1CC9FFE4-054A-4C62-B2CD-0239E283A5DB}.Debug|x86.ActiveCfg = Debug|Any CPU
		{1CC9FFE4-054A-4C62-B2CD-0239E283A5DB}.Debug|x86.Build.0 = Debug|Any CPU
		{1CC9FFE4-054A-4C62-B2CD-0239E283A5DB}.Release|Any CPU.ActiveCfg = Release|Any CPU
		{1CC9FFE4-054A-4C62-B2CD-0239E283A5DB}.Release|Any CPU.Build.0 = Release|Any CPU
		{1CC9FFE4-054A-4C62-B2CD-0239E283A5DB}.Release|x64.ActiveCfg = Release|Any CPU
		{1CC9FFE4-054A-4C62-B2CD-0239E283A5DB}.Release|x64.Build.0 = Release|Any CPU
		{1CC9FFE4-054A-4C62-B2CD-0239E283A5DB}.Release|x86.ActiveCfg = Release|Any CPU
		{1CC9FFE4-054A-4C62-B2CD-0239E283A5DB}.Release|x86.Build.0 = Release|Any CPU
		{AE2B79E1-C654-4A9C-A2BB-0662015EEFFA}.Debug|Any CPU.ActiveCfg = Debug|Any CPU
		{AE2B79E1-C654-4A9C-A2BB-0662015EEFFA}.Debug|Any CPU.Build.0 = Debug|Any CPU
		{AE2B79E1-C654-4A9C-A2BB-0662015EEFFA}.Debug|x64.ActiveCfg = Debug|Any CPU
		{AE2B79E1-C654-4A9C-A2BB-0662015EEFFA}.Debug|x64.Build.0 = Debug|Any CPU
		{AE2B79E1-C654-4A9C-A2BB-0662015EEFFA}.Debug|x86.ActiveCfg = Debug|Any CPU
		{AE2B79E1-C654-4A9C-A2BB-0662015EEFFA}.Debug|x86.Build.0 = Debug|Any CPU
		{AE2B79E1-C654-4A9C-A2BB-0662015EEFFA}.Release|Any CPU.ActiveCfg = Release|Any CPU
		{AE2B79E1-C654-4A9C-A2BB-0662015EEFFA}.Release|Any CPU.Build.0 = Release|Any CPU
		{AE2B79E1-C654-4A9C-A2BB-0662015EEFFA}.Release|x64.ActiveCfg = Release|Any CPU
		{AE2B79E1-C654-4A9C-A2BB-0662015EEFFA}.Release|x64.Build.0 = Release|Any CPU
		{AE2B79E1-C654-4A9C-A2BB-0662015EEFFA}.Release|x86.ActiveCfg = Release|Any CPU
		{AE2B79E1-C654-4A9C-A2BB-0662015EEFFA}.Release|x86.Build.0 = Release|Any CPU
		{228FC929-3C3A-4817-A615-15CC06E3F524}.Debug|Any CPU.ActiveCfg = Debug|Any CPU
		{228FC929-3C3A-4817-A615-15CC06E3F524}.Debug|Any CPU.Build.0 = Debug|Any CPU
		{228FC929-3C3A-4817-A615-15CC06E3F524}.Debug|x64.ActiveCfg = Debug|Any CPU
		{228FC929-3C3A-4817-A615-15CC06E3F524}.Debug|x64.Build.0 = Debug|Any CPU
		{228FC929-3C3A-4817-A615-15CC06E3F524}.Debug|x86.ActiveCfg = Debug|Any CPU
		{228FC929-3C3A-4817-A615-15CC06E3F524}.Debug|x86.Build.0 = Debug|Any CPU
		{228FC929-3C3A-4817-A615-15CC06E3F524}.Release|Any CPU.ActiveCfg = Release|Any CPU
		{228FC929-3C3A-4817-A615-15CC06E3F524}.Release|Any CPU.Build.0 = Release|Any CPU
		{228FC929-3C3A-4817-A615-15CC06E3F524}.Release|x64.ActiveCfg = Release|Any CPU
		{228FC929-3C3A-4817-A615-15CC06E3F524}.Release|x64.Build.0 = Release|Any CPU
		{228FC929-3C3A-4817-A615-15CC06E3F524}.Release|x86.ActiveCfg = Release|Any CPU
		{228FC929-3C3A-4817-A615-15CC06E3F524}.Release|x86.Build.0 = Release|Any CPU
		{EE042AEF-236D-400D-B128-8E7A65935D0D}.Debug|Any CPU.ActiveCfg = Debug|Any CPU
		{EE042AEF-236D-400D-B128-8E7A65935D0D}.Debug|Any CPU.Build.0 = Debug|Any CPU
		{EE042AEF-236D-400D-B128-8E7A65935D0D}.Debug|x64.ActiveCfg = Debug|Any CPU
		{EE042AEF-236D-400D-B128-8E7A65935D0D}.Debug|x64.Build.0 = Debug|Any CPU
		{EE042AEF-236D-400D-B128-8E7A65935D0D}.Debug|x86.ActiveCfg = Debug|Any CPU
		{EE042AEF-236D-400D-B128-8E7A65935D0D}.Debug|x86.Build.0 = Debug|Any CPU
		{EE042AEF-236D-400D-B128-8E7A65935D0D}.Release|Any CPU.ActiveCfg = Release|Any CPU
		{EE042AEF-236D-400D-B128-8E7A65935D0D}.Release|Any CPU.Build.0 = Release|Any CPU
		{EE042AEF-236D-400D-B128-8E7A65935D0D}.Release|x64.ActiveCfg = Release|Any CPU
		{EE042AEF-236D-400D-B128-8E7A65935D0D}.Release|x64.Build.0 = Release|Any CPU
		{EE042AEF-236D-400D-B128-8E7A65935D0D}.Release|x86.ActiveCfg = Release|Any CPU
		{EE042AEF-236D-400D-B128-8E7A65935D0D}.Release|x86.Build.0 = Release|Any CPU
	EndGlobalSection
	GlobalSection(SolutionProperties) = preSolution
		HideSolutionNode = FALSE
	EndGlobalSection
	GlobalSection(NestedProjects) = preSolution
		{98FB6B3A-8D57-4CEB-9B74-4E4E959DEF96} = {827E0CD3-B72D-47B6-A68D-7590B98EB39B}
		{A7AA4637-55F7-439B-9EE6-88AC961B3D4A} = {827E0CD3-B72D-47B6-A68D-7590B98EB39B}
		{1CC9FFE4-054A-4C62-B2CD-0239E283A5DB} = {827E0CD3-B72D-47B6-A68D-7590B98EB39B}
		{AE2B79E1-C654-4A9C-A2BB-0662015EEFFA} = {827E0CD3-B72D-47B6-A68D-7590B98EB39B}
		{228FC929-3C3A-4817-A615-15CC06E3F524} = {0AB3BF05-4346-4AA6-1389-037BE0695223}
		{EE042AEF-236D-400D-B128-8E7A65935D0D} = {0AB3BF05-4346-4AA6-1389-037BE0695223}
	EndGlobalSection
EndGlobal
